
Microsoft Visual Studio Solution File, Format Version 12.00
# Visual Studio 14
VisualStudioVersion = 14.0.25420.1
MinimumVisualStudioVersion = 10.0.40219.1
Project("{FAE04EC0-301F-11D3-BF4B-00C04F79EFBC}") = "Application", "CIT255FinalApplication\Application.csproj", "{80AA2C12-B82C-45D4-9972-1C13236DB457}"
EndProject
Project("{FAE04EC0-301F-11D3-BF4B-00C04F79EFBC}") = "DAL", "DAL\DAL.csproj", "{D8786B16-BFB8-4F39-A795-C2957AFDC199}"
EndProject
Project("{D954291E-2A0B-460D-934E-DC6B0785DB48}") = "Data", "Data\Data.shproj", "{737D9607-0A98-4640-9896-1678D2C904AB}"
EndProject
Project("{FAE04EC0-301F-11D3-BF4B-00C04F79EFBC}") = "Model", "Model\Model.csproj", "{93795CD3-50ED-4197-8288-BC19CBD9FF9D}"
EndProject
Project("{FAE04EC0-301F-11D3-BF4B-00C04F79EFBC}") = "BusinessLayer", "BusinessLayer\BusinessLayer.csproj", "{13EBDC83-357A-445A-9D76-95E1FFD04EEB}"
EndProject
Project("{FAE04EC0-301F-11D3-BF4B-00C04F79EFBC}") = "Controller", "Controller\Controller.csproj", "{C403E0EC-B1F3-42EC-AE5F-F25E76AAB6CB}"
EndProject
Project("{2150E333-8FDC-42A3-9474-1A3956D46DE8}") = "Documentation", "Documentation", "{AE62AD36-A6AC-4630-A79D-7E5A44C103D5}"
	ProjectSection(SolutionItems) = preProject
		ReadMe.txt = ReadMe.txt
	EndProjectSection
EndProject
Project("{FAE04EC0-301F-11D3-BF4B-00C04F79EFBC}") = "WeatherToPlant", "WeatherToPlant\WeatherToPlant.csproj", "{1F6397E6-58EE-4FEA-94DA-165966342F48}"
EndProject
Global
	GlobalSection(SharedMSBuildProjectFiles) = preSolution
		Data\Data.projitems*{1f6397e6-58ee-4fea-94da-165966342f48}*SharedItemsImports = 4
		Data\Data.projitems*{737d9607-0a98-4640-9896-1678d2c904ab}*SharedItemsImports = 13
		Data\Data.projitems*{80aa2c12-b82c-45d4-9972-1c13236db457}*SharedItemsImports = 4
		Data\Data.projitems*{d8786b16-bfb8-4f39-a795-c2957afdc199}*SharedItemsImports = 4
	EndGlobalSection
	GlobalSection(SolutionConfigurationPlatforms) = preSolution
		Debug|Any CPU = Debug|Any CPU
		Release|Any CPU = Release|Any CPU
	EndGlobalSection
	GlobalSection(ProjectConfigurationPlatforms) = postSolution
		{80AA2C12-B82C-45D4-9972-1C13236DB457}.Debug|Any CPU.ActiveCfg = Debug|Any CPU
		{80AA2C12-B82C-45D4-9972-1C13236DB457}.Debug|Any CPU.Build.0 = Debug|Any CPU
		{80AA2C12-B82C-45D4-9972-1C13236DB457}.Release|Any CPU.ActiveCfg = Release|Any CPU
		{80AA2C12-B82C-45D4-9972-1C13236DB457}.Release|Any CPU.Build.0 = Release|Any CPU
		{D8786B16-BFB8-4F39-A795-C2957AFDC199}.Debug|Any CPU.ActiveCfg = Debug|Any CPU
		{D8786B16-BFB8-4F39-A795-C2957AFDC199}.Debug|Any CPU.Build.0 = Debug|Any CPU
		{D8786B16-BFB8-4F39-A795-C2957AFDC199}.Release|Any CPU.ActiveCfg = Release|Any CPU
		{D8786B16-BFB8-4F39-A795-C2957AFDC199}.Release|Any CPU.Build.0 = Release|Any CPU
		{93795CD3-50ED-4197-8288-BC19CBD9FF9D}.Debug|Any CPU.ActiveCfg = Debug|Any CPU
		{93795CD3-50ED-4197-8288-BC19CBD9FF9D}.Debug|Any CPU.Build.0 = Debug|Any CPU
		{93795CD3-50ED-4197-8288-BC19CBD9FF9D}.Release|Any CPU.ActiveCfg = Release|Any CPU
		{93795CD3-50ED-4197-8288-BC19CBD9FF9D}.Release|Any CPU.Build.0 = Release|Any CPU
		{13EBDC83-357A-445A-9D76-95E1FFD04EEB}.Debug|Any CPU.ActiveCfg = Debug|Any CPU
		{13EBDC83-357A-445A-9D76-95E1FFD04EEB}.Debug|Any CPU.Build.0 = Debug|Any CPU
		{13EBDC83-357A-445A-9D76-95E1FFD04EEB}.Release|Any CPU.ActiveCfg = Release|Any CPU
		{13EBDC83-357A-445A-9D76-95E1FFD04EEB}.Release|Any CPU.Build.0 = Release|Any CPU
		{C403E0EC-B1F3-42EC-AE5F-F25E76AAB6CB}.Debug|Any CPU.ActiveCfg = Debug|Any CPU
		{C403E0EC-B1F3-42EC-AE5F-F25E76AAB6CB}.Debug|Any CPU.Build.0 = Debug|Any CPU
		{C403E0EC-B1F3-42EC-AE5F-F25E76AAB6CB}.Release|Any CPU.ActiveCfg = Release|Any CPU
		{C403E0EC-B1F3-42EC-AE5F-F25E76AAB6CB}.Release|Any CPU.Build.0 = Release|Any CPU
		{1F6397E6-58EE-4FEA-94DA-165966342F48}.Debug|Any CPU.ActiveCfg = Debug|Any CPU
		{1F6397E6-58EE-4FEA-94DA-165966342F48}.Debug|Any CPU.Build.0 = Debug|Any CPU
		{1F6397E6-58EE-4FEA-94DA-165966342F48}.Release|Any CPU.ActiveCfg = Release|Any CPU
		{1F6397E6-58EE-4FEA-94DA-165966342F48}.Release|Any CPU.Build.0 = Release|Any CPU
	EndGlobalSection
	GlobalSection(SolutionProperties) = preSolution
		HideSolutionNode = FALSE
	EndGlobalSection
EndGlobal
